
Microsoft Visual Studio Solution File, Format Version 12.00
# Visual Studio 15
VisualStudioVersion = 15.0.27004.2009
MinimumVisualStudioVersion = 10.0.40219.1
Project("{FAE04EC0-301F-11D3-BF4B-00C04F79EFBC}") = "TeamMembers", "TeamMembers.csproj", "{8972CFE8-C0DF-4250-8076-10E5D086E750}"
EndProject
Global
	GlobalSection(SolutionConfigurationPlatforms) = preSolution
		Debug|Any CPU = Debug|Any CPU
		Release|Any CPU = Release|Any CPU
	EndGlobalSection
	GlobalSection(ProjectConfigurationPlatforms) = postSolution
		{8972CFE8-C0DF-4250-8076-10E5D086E750}.Debug|Any CPU.ActiveCfg = Debug|Any CPU
		{8972CFE8-C0DF-4250-8076-10E5D086E750}.Debug|Any CPU.Build.0 = Debug|Any CPU
		{8972CFE8-C0DF-4250-8076-10E5D086E750}.Release|Any CPU.ActiveCfg = Release|Any CPU
		{8972CFE8-C0DF-4250-8076-10E5D086E750}.Release|Any CPU.Build.0 = Release|Any CPU
	EndGlobalSection
	GlobalSection(SolutionProperties) = preSolution
		HideSolutionNode = FALSE
	EndGlobalSection
	GlobalSection(ExtensibilityGlobals) = postSolution
		SolutionGuid = {B8BC0A39-8C08-463F-80B2-B823EC70CBC2}
	EndGlobalSection
EndGlobal
