
Microsoft Visual Studio Solution File, Format Version 12.00
# Visual Studio 15
VisualStudioVersion = 15.0.27004.2009
MinimumVisualStudioVersion = 10.0.40219.1
Project("{FAE04EC0-301F-11D3-BF4B-00C04F79EFBC}") = "FriendsDB", "FriendsDB.csproj", "{7591E89B-23AC-48C1-9813-1480A480593D}"
EndProject
Global
	GlobalSection(SolutionConfigurationPlatforms) = preSolution
		Debug|Any CPU = Debug|Any CPU
		Release|Any CPU = Release|Any CPU
	EndGlobalSection
	GlobalSection(ProjectConfigurationPlatforms) = postSolution
		{7591E89B-23AC-48C1-9813-1480A480593D}.Debug|Any CPU.ActiveCfg = Debug|Any CPU
		{7591E89B-23AC-48C1-9813-1480A480593D}.Debug|Any CPU.Build.0 = Debug|Any CPU
		{7591E89B-23AC-48C1-9813-1480A480593D}.Release|Any CPU.ActiveCfg = Release|Any CPU
		{7591E89B-23AC-48C1-9813-1480A480593D}.Release|Any CPU.Build.0 = Release|Any CPU
	EndGlobalSection
	GlobalSection(SolutionProperties) = preSolution
		HideSolutionNode = FALSE
	EndGlobalSection
	GlobalSection(ExtensibilityGlobals) = postSolution
		SolutionGuid = {56C9B7D5-A458-47B1-9855-6B402821BBE0}
	EndGlobalSection
EndGlobal
