
Microsoft Visual Studio Solution File, Format Version 12.00
# Visual Studio 15
VisualStudioVersion = 15.0.26730.8
MinimumVisualStudioVersion = 10.0.40219.1
Project("{FAE04EC0-301F-11D3-BF4B-00C04F79EFBC}") = "HelloWorld", "HelloWorld\HelloWorld.csproj", "{FEF932A2-3045-418B-8037-0FCA749DF456}"
EndProject
Global
	GlobalSection(SolutionConfigurationPlatforms) = preSolution
		Debug|Any CPU = Debug|Any CPU
		Release|Any CPU = Release|Any CPU
	EndGlobalSection
	GlobalSection(ProjectConfigurationPlatforms) = postSolution
		{FEF932A2-3045-418B-8037-0FCA749DF456}.Debug|Any CPU.ActiveCfg = Debug|Any CPU
		{FEF932A2-3045-418B-8037-0FCA749DF456}.Debug|Any CPU.Build.0 = Debug|Any CPU
		{FEF932A2-3045-418B-8037-0FCA749DF456}.Release|Any CPU.ActiveCfg = Release|Any CPU
		{FEF932A2-3045-418B-8037-0FCA749DF456}.Release|Any CPU.Build.0 = Release|Any CPU
	EndGlobalSection
	GlobalSection(SolutionProperties) = preSolution
		HideSolutionNode = FALSE
	EndGlobalSection
	GlobalSection(ExtensibilityGlobals) = postSolution
		SolutionGuid = {7A63CCE2-E01E-4A08-811C-5F5552E2DFD6}
	EndGlobalSection
EndGlobal
