
Microsoft Visual Studio Solution File, Format Version 12.00
# Visual Studio 15
VisualStudioVersion = 15.0.26730.8
MinimumVisualStudioVersion = 10.0.40219.1
Project("{FAE04EC0-301F-11D3-BF4B-00C04F79EFBC}") = "PeopleAgain", "PeopleAgain.csproj", "{8A4AC9BA-51D8-459F-A43B-A72C381FC79F}"
EndProject
Global
	GlobalSection(SolutionConfigurationPlatforms) = preSolution
		Debug|Any CPU = Debug|Any CPU
		Release|Any CPU = Release|Any CPU
	EndGlobalSection
	GlobalSection(ProjectConfigurationPlatforms) = postSolution
		{8A4AC9BA-51D8-459F-A43B-A72C381FC79F}.Debug|Any CPU.ActiveCfg = Debug|Any CPU
		{8A4AC9BA-51D8-459F-A43B-A72C381FC79F}.Debug|Any CPU.Build.0 = Debug|Any CPU
		{8A4AC9BA-51D8-459F-A43B-A72C381FC79F}.Release|Any CPU.ActiveCfg = Release|Any CPU
		{8A4AC9BA-51D8-459F-A43B-A72C381FC79F}.Release|Any CPU.Build.0 = Release|Any CPU
	EndGlobalSection
	GlobalSection(SolutionProperties) = preSolution
		HideSolutionNode = FALSE
	EndGlobalSection
	GlobalSection(ExtensibilityGlobals) = postSolution
		SolutionGuid = {03765907-2C44-4B0F-BD22-625CC574ED38}
	EndGlobalSection
EndGlobal
