
Microsoft Visual Studio Solution File, Format Version 12.00
# Visual Studio 15
VisualStudioVersion = 15.0.27004.2009
MinimumVisualStudioVersion = 10.0.40219.1
Project("{FAE04EC0-301F-11D3-BF4B-00C04F79EFBC}") = "CustomSanwich", "CustomSanwich.csproj", "{301C5E05-0B0F-496E-B918-B9B3B23F3BAB}"
EndProject
Global
	GlobalSection(SolutionConfigurationPlatforms) = preSolution
		Debug|Any CPU = Debug|Any CPU
		Release|Any CPU = Release|Any CPU
	EndGlobalSection
	GlobalSection(ProjectConfigurationPlatforms) = postSolution
		{301C5E05-0B0F-496E-B918-B9B3B23F3BAB}.Debug|Any CPU.ActiveCfg = Debug|Any CPU
		{301C5E05-0B0F-496E-B918-B9B3B23F3BAB}.Debug|Any CPU.Build.0 = Debug|Any CPU
		{301C5E05-0B0F-496E-B918-B9B3B23F3BAB}.Release|Any CPU.ActiveCfg = Release|Any CPU
		{301C5E05-0B0F-496E-B918-B9B3B23F3BAB}.Release|Any CPU.Build.0 = Release|Any CPU
	EndGlobalSection
	GlobalSection(SolutionProperties) = preSolution
		HideSolutionNode = FALSE
	EndGlobalSection
	GlobalSection(ExtensibilityGlobals) = postSolution
		SolutionGuid = {C00DBF50-99D2-4D15-86EC-B1EB3EDA8096}
	EndGlobalSection
EndGlobal
