
Microsoft Visual Studio Solution File, Format Version 12.00
# Visual Studio 15
VisualStudioVersion = 15.0.26730.8
MinimumVisualStudioVersion = 10.0.40219.1
Project("{FAE04EC0-301F-11D3-BF4B-00C04F79EFBC}") = "RegisterPeople", "RegisterPeople.csproj", "{17F4937A-DF31-4A77-BC13-0C791CEB4C70}"
EndProject
Global
	GlobalSection(SolutionConfigurationPlatforms) = preSolution
		Debug|Any CPU = Debug|Any CPU
		Release|Any CPU = Release|Any CPU
	EndGlobalSection
	GlobalSection(ProjectConfigurationPlatforms) = postSolution
		{17F4937A-DF31-4A77-BC13-0C791CEB4C70}.Debug|Any CPU.ActiveCfg = Debug|Any CPU
		{17F4937A-DF31-4A77-BC13-0C791CEB4C70}.Debug|Any CPU.Build.0 = Debug|Any CPU
		{17F4937A-DF31-4A77-BC13-0C791CEB4C70}.Release|Any CPU.ActiveCfg = Release|Any CPU
		{17F4937A-DF31-4A77-BC13-0C791CEB4C70}.Release|Any CPU.Build.0 = Release|Any CPU
	EndGlobalSection
	GlobalSection(SolutionProperties) = preSolution
		HideSolutionNode = FALSE
	EndGlobalSection
	GlobalSection(ExtensibilityGlobals) = postSolution
		SolutionGuid = {064164A8-5503-4C88-AC36-E16611508039}
	EndGlobalSection
EndGlobal
